
Microsoft Visual Studio Solution File, Format Version 12.00
# Visual Studio Version 17
VisualStudioVersion = 17.3.32929.385
MinimumVisualStudioVersion = 10.0.40219.1
Project("{FAE04EC0-301F-11D3-BF4B-00C04F79EFBC}") = "BulkyBookWeb", "BulkyBookWeb\BulkyBookWeb.csproj", "{CF1C8B62-6953-4C81-B57D-5947FB37188D}"
EndProject
Global
	GlobalSection(SolutionConfigurationPlatforms) = preSolution
		Debug|Any CPU = Debug|Any CPU
		Release|Any CPU = Release|Any CPU
	EndGlobalSection
	GlobalSection(ProjectConfigurationPlatforms) = postSolution
		{CF1C8B62-6953-4C81-B57D-5947FB37188D}.Debug|Any CPU.ActiveCfg = Debug|Any CPU
		{CF1C8B62-6953-4C81-B57D-5947FB37188D}.Debug|Any CPU.Build.0 = Debug|Any CPU
		{CF1C8B62-6953-4C81-B57D-5947FB37188D}.Release|Any CPU.ActiveCfg = Release|Any CPU
		{CF1C8B62-6953-4C81-B57D-5947FB37188D}.Release|Any CPU.Build.0 = Release|Any CPU
	EndGlobalSection
	GlobalSection(SolutionProperties) = preSolution
		HideSolutionNode = FALSE
	EndGlobalSection
	GlobalSection(ExtensibilityGlobals) = postSolution
		SolutionGuid = {7A68DB4F-4597-4F1A-8673-5D2846BF6BBA}
	EndGlobalSection
EndGlobal
